{
  "nodes": {
    "edu-sync-nix": {
      "inputs": {
        "flake-utils": "flake-utils",
        "nixpkgs": [
          "nixpkgs-unstable"
        ]
      },
      "locked": {
        "lastModified": 1753948457,
        "narHash": "sha256-xFxvOGKUQw2XOlloAvd3zkdALJSwTHLY4iAQtNp4r0Y=",
        "owner": "Marc55s",
        "repo": "edu-sync-nix",
        "rev": "6aea626433658bfecbd6cd202c8ad744be46d94e",
        "type": "github"
      },
      "original": {
        "owner": "Marc55s",
        "repo": "edu-sync-nix",
        "type": "github"
      }
    },
    "flake-utils": {
      "inputs": {
        "systems": "systems"
      },
      "locked": {
        "lastModified": 1731533236,
        "narHash": "sha256-l0KFg5HjrsfsO/JpG+r7fRrqm12kzFHyUHqHCVpMMbI=",
        "owner": "numtide",
        "repo": "flake-utils",
        "rev": "11707dc2f618dd54ca8739b309ec4fc024de578b",
        "type": "github"
      },
      "original": {
        "owner": "numtide",
        "repo": "flake-utils",
        "type": "github"
      }
    },
    "flake-utils_2": {
      "inputs": {
        "systems": "systems_2"
      },
      "locked": {
        "lastModified": 1710146030,
        "narHash": "sha256-SZ5L6eA7HJ/nmkzGG7/ISclqe6oZdOZTNoesiInkXPQ=",
        "owner": "numtide",
        "repo": "flake-utils",
        "rev": "b1d9ab70662946ef0850d488da1c9019f3a9752a",
        "type": "github"
      },
      "original": {
        "owner": "numtide",
        "repo": "flake-utils",
        "type": "github"
      }
    },
    "grub2-themes": {
      "inputs": {
        "nixpkgs": "nixpkgs"
      },
      "locked": {
        "lastModified": 1757136219,
        "narHash": "sha256-tKU+vq34KHu/A2wD7WdgP5A4/RCmSD8hB0TyQAUlixA=",
        "owner": "vinceliuice",
        "repo": "grub2-themes",
        "rev": "80dd04ddf3ba7b284a7b1a5df2b1e95ee2aad606",
        "type": "github"
      },
      "original": {
        "owner": "vinceliuice",
        "repo": "grub2-themes",
        "type": "github"
      }
    },
    "home-manager": {
      "inputs": {
        "nixpkgs": [
          "nixpkgs"
        ]
      },
      "locked": {
        "lastModified": 1758463745,
        "narHash": "sha256-uhzsV0Q0I9j2y/rfweWeGif5AWe0MGrgZ/3TjpDYdGA=",
        "owner": "nix-community",
        "repo": "home-manager",
        "rev": "3b955f5f0a942f9f60cdc9cacb7844335d0f21c3",
        "type": "github"
      },
      "original": {
        "owner": "nix-community",
        "ref": "release-25.05",
        "repo": "home-manager",
        "type": "github"
      }
    },
    "niri": {
      "inputs": {
        "niri-stable": "niri-stable",
        "niri-unstable": "niri-unstable",
        "nixpkgs": [
          "nixpkgs"
        ],
        "nixpkgs-stable": "nixpkgs-stable",
        "xwayland-satellite-stable": "xwayland-satellite-stable",
        "xwayland-satellite-unstable": "xwayland-satellite-unstable"
      },
      "locked": {
        "lastModified": 1759402670,
        "narHash": "sha256-xmUTws/OKlj4sM6Z+tsIAWPA37CBtkMWQqiQ8OZFSo8=",
        "owner": "sodiboo",
        "repo": "niri-flake",
        "rev": "c7008abf4b9df7f65991176835628949acb426cd",
        "type": "github"
      },
      "original": {
        "owner": "sodiboo",
        "repo": "niri-flake",
        "type": "github"
      }
    },
    "niri-stable": {
      "flake": false,
      "locked": {
        "lastModified": 1756556321,
        "narHash": "sha256-RLD89dfjN0RVO86C/Mot0T7aduCygPGaYbog566F0Qo=",
        "owner": "YaLTeR",
        "repo": "niri",
        "rev": "01be0e65f4eb91a9cd624ac0b76aaeab765c7294",
        "type": "github"
      },
      "original": {
        "owner": "YaLTeR",
        "ref": "v25.08",
        "repo": "niri",
        "type": "github"
      }
    },
    "niri-unstable": {
      "flake": false,
      "locked": {
        "lastModified": 1759395653,
        "narHash": "sha256-sv9J1z6CrTPf9lRJLyCN90fZVdQz7LFeX7pIlInH8BQ=",
        "owner": "YaLTeR",
        "repo": "niri",
        "rev": "ba6e5e082a79901dc89b0d49c5da1b769d652aec",
        "type": "github"
      },
      "original": {
        "owner": "YaLTeR",
        "repo": "niri",
        "type": "github"
      }
    },
    "nix-github-actions": {
      "inputs": {
        "nixpkgs": [
          "openconnect-sso",
          "poetry2nix",
          "nixpkgs"
        ]
      },
      "locked": {
        "lastModified": 1703863825,
        "narHash": "sha256-rXwqjtwiGKJheXB43ybM8NwWB8rO2dSRrEqes0S7F5Y=",
        "owner": "nix-community",
        "repo": "nix-github-actions",
        "rev": "5163432afc817cf8bd1f031418d1869e4c9d5547",
        "type": "github"
      },
      "original": {
        "owner": "nix-community",
        "repo": "nix-github-actions",
        "type": "github"
      }
    },
    "nixpkgs": {
      "locked": {
        "lastModified": 1759425456,
        "narHash": "sha256-AtvHvj9MYorNp+M3j0NC/cbK26sDhdydHv3KSeO5Jn0=",
        "owner": "NixOS",
        "repo": "nixpkgs",
        "rev": "5ad91d4b6f0efba1df31a8c65feb0258ff4cf04f",
        "type": "github"
      },
      "original": {
        "owner": "NixOS",
        "ref": "master",
        "repo": "nixpkgs",
        "type": "github"
      }
    },
    "nixpkgs-openconnect-sso": {
      "locked": {
        "lastModified": 1716361217,
        "narHash": "sha256-mzZDr00WUiUXVm1ujBVv6A0qRd8okaITyUp4ezYRgc4=",
        "owner": "nixos",
        "repo": "nixpkgs",
        "rev": "46397778ef1f73414b03ed553a3368f0e7e33c2f",
        "type": "github"
      },
      "original": {
        "owner": "nixos",
        "repo": "nixpkgs",
        "rev": "46397778ef1f73414b03ed553a3368f0e7e33c2f",
        "type": "github"
      }
    },
    "nixpkgs-stable": {
      "locked": {
        "lastModified": 1759281824,
        "narHash": "sha256-FIBE1qXv9TKvSNwst6FumyHwCRH3BlWDpfsnqRDCll0=",
        "owner": "NixOS",
        "repo": "nixpkgs",
        "rev": "5b5be50345d4113d04ba58c444348849f5585b4a",
        "type": "github"
      },
      "original": {
        "owner": "NixOS",
        "ref": "nixos-25.05",
        "repo": "nixpkgs",
        "type": "github"
      }
    },
    "nixpkgs-unstable": {
      "locked": {
        "lastModified": 1759036355,
        "narHash": "sha256-0m27AKv6ka+q270dw48KflE0LwQYrO7Fm4/2//KCVWg=",
        "owner": "NixOS",
        "repo": "nixpkgs",
        "rev": "e9f00bd893984bc8ce46c895c3bf7cac95331127",
        "type": "github"
      },
      "original": {
        "owner": "NixOS",
        "ref": "nixos-unstable",
        "repo": "nixpkgs",
        "type": "github"
      }
    },
    "nixpkgs_2": {
      "locked": {
        "lastModified": 1759281824,
        "narHash": "sha256-FIBE1qXv9TKvSNwst6FumyHwCRH3BlWDpfsnqRDCll0=",
        "owner": "NixOS",
        "repo": "nixpkgs",
        "rev": "5b5be50345d4113d04ba58c444348849f5585b4a",
        "type": "github"
      },
      "original": {
        "id": "nixpkgs",
        "ref": "nixos-25.05",
        "type": "indirect"
      }
    },
    "nixpkgs_3": {
      "locked": {
        "lastModified": 1741513245,
        "narHash": "sha256-7rTAMNTY1xoBwz0h7ZMtEcd8LELk9R5TzBPoHuhNSCk=",
        "owner": "NixOS",
        "repo": "nixpkgs",
        "rev": "e3e32b642a31e6714ec1b712de8c91a3352ce7e1",
        "type": "github"
      },
      "original": {
        "owner": "NixOS",
        "ref": "nixos-unstable",
        "repo": "nixpkgs",
        "type": "github"
      }
    },
    "openconnect-sso": {
      "inputs": {
        "flake-utils": "flake-utils_2",
        "nixpkgs": [
          "nixpkgs-openconnect-sso"
        ],
        "poetry2nix": "poetry2nix"
      },
      "locked": {
        "lastModified": 1716831118,
        "narHash": "sha256-38jjxX49fimjDnp88tdAGNjVuo/7kyouOOhsuFhRTSc=",
        "owner": "jcszymansk",
        "repo": "openconnect-sso",
        "rev": "392b78e83d1ab5101920187cc4f02b4667aa8b4e",
        "type": "github"
      },
      "original": {
        "owner": "jcszymansk",
        "repo": "openconnect-sso",
        "type": "github"
      }
    },
    "poetry2nix": {
      "inputs": {
        "flake-utils": [
          "openconnect-sso",
          "flake-utils"
        ],
        "nix-github-actions": "nix-github-actions",
        "nixpkgs": [
          "openconnect-sso",
          "nixpkgs"
        ],
        "systems": "systems_3",
        "treefmt-nix": "treefmt-nix"
      },
      "locked": {
        "lastModified": 1715251496,
        "narHash": "sha256-vRBfJCKvJtu5sYev56XStirA3lAOPv0EkoEV2Nfc+tc=",
        "owner": "nix-community",
        "repo": "poetry2nix",
        "rev": "291a863e866972f356967d0a270b259f46bf987f",
        "type": "github"
      },
      "original": {
        "owner": "nix-community",
        "ref": "2024.5.939250",
        "repo": "poetry2nix",
        "type": "github"
      }
    },
    "root": {
      "inputs": {
        "edu-sync-nix": "edu-sync-nix",
        "grub2-themes": "grub2-themes",
        "home-manager": "home-manager",
        "niri": "niri",
        "nixpkgs": "nixpkgs_2",
        "nixpkgs-openconnect-sso": "nixpkgs-openconnect-sso",
        "nixpkgs-unstable": "nixpkgs-unstable",
        "openconnect-sso": "openconnect-sso",
        "todo-shell": "todo-shell"
      }
    },
    "systems": {
      "locked": {
        "lastModified": 1681028828,
        "narHash": "sha256-Vy1rq5AaRuLzOxct8nz4T6wlgyUR7zLU309k9mBC768=",
        "owner": "nix-systems",
        "repo": "default",
        "rev": "da67096a3b9bf56a91d16901293e51ba5b49a27e",
        "type": "github"
      },
      "original": {
        "owner": "nix-systems",
        "repo": "default",
        "type": "github"
      }
    },
    "systems_2": {
      "locked": {
        "lastModified": 1681028828,
        "narHash": "sha256-Vy1rq5AaRuLzOxct8nz4T6wlgyUR7zLU309k9mBC768=",
        "owner": "nix-systems",
        "repo": "default",
        "rev": "da67096a3b9bf56a91d16901293e51ba5b49a27e",
        "type": "github"
      },
      "original": {
        "owner": "nix-systems",
        "repo": "default",
        "type": "github"
      }
    },
    "systems_3": {
      "locked": {
        "lastModified": 1681028828,
        "narHash": "sha256-Vy1rq5AaRuLzOxct8nz4T6wlgyUR7zLU309k9mBC768=",
        "owner": "nix-systems",
        "repo": "default",
        "rev": "da67096a3b9bf56a91d16901293e51ba5b49a27e",
        "type": "github"
      },
      "original": {
        "id": "systems",
        "type": "indirect"
      }
    },
    "todo-shell": {
      "inputs": {
        "nixpkgs": "nixpkgs_3"
      },
      "locked": {
        "lastModified": 1741942590,
        "narHash": "sha256-AyZiA/cx8RqONlii/k/gPq9tr9D3InI5iMAiohCU4Fc=",
        "owner": "itsanian",
        "repo": "todo-shell",
        "rev": "e457178cc6b580e15760e03d47d5fed2386076a4",
        "type": "github"
      },
      "original": {
        "owner": "itsanian",
        "repo": "todo-shell",
        "type": "github"
      }
    },
    "treefmt-nix": {
      "inputs": {
        "nixpkgs": [
          "openconnect-sso",
          "poetry2nix",
          "nixpkgs"
        ]
      },
      "locked": {
        "lastModified": 1715940852,
        "narHash": "sha256-wJqHMg/K6X3JGAE9YLM0LsuKrKb4XiBeVaoeMNlReZg=",
        "owner": "numtide",
        "repo": "treefmt-nix",
        "rev": "2fba33a182602b9d49f0b2440513e5ee091d838b",
        "type": "github"
      },
      "original": {
        "owner": "numtide",
        "repo": "treefmt-nix",
        "type": "github"
      }
    },
    "xwayland-satellite-stable": {
      "flake": false,
      "locked": {
        "lastModified": 1755491097,
        "narHash": "sha256-m+9tUfsmBeF2Gn4HWa6vSITZ4Gz1eA1F5Kh62B0N4oE=",
        "owner": "Supreeeme",
        "repo": "xwayland-satellite",
        "rev": "388d291e82ffbc73be18169d39470f340707edaa",
        "type": "github"
      },
      "original": {
        "owner": "Supreeeme",
        "ref": "v0.7",
        "repo": "xwayland-satellite",
        "type": "github"
      }
    },
    "xwayland-satellite-unstable": {
      "flake": false,
      "locked": {
        "lastModified": 1758577423,
        "narHash": "sha256-sB2GAOjhjoWnjU6A/uHNJiY6O3UeztV5pJAN2g1FkXU=",
        "owner": "Supreeeme",
        "repo": "xwayland-satellite",
        "rev": "03368548ba745e17a85bd631613a59cb2d8469a4",
        "type": "github"
      },
      "original": {
        "owner": "Supreeeme",
        "repo": "xwayland-satellite",
        "type": "github"
      }
    }
  },
  "root": "root",
  "version": 7
}
